
Microsoft Visual Studio Solution File, Format Version 12.00
# Visual Studio 15
VisualStudioVersion = 15.0.26124.0
MinimumVisualStudioVersion = 15.0.26124.0
Project("{FAE04EC0-301F-11D3-BF4B-00C04F79EFBC}") = "TextDataBuilder", "TextDataBuilder\TextDataBuilder.csproj", "{40A8350B-4CFA-4402-BA21-6DDD97B5D227}"
EndProject
Project("{FAE04EC0-301F-11D3-BF4B-00C04F79EFBC}") = "TextDataBuilder.UnitTests", "TextDataBuilder.UnitTests\TextDataBuilder.UnitTests.csproj", "{F8A76E26-441C-42F0-90E7-C27B7E4414C2}"
EndProject
Global
	GlobalSection(SolutionConfigurationPlatforms) = preSolution
		Debug|Any CPU = Debug|Any CPU
		Debug|x64 = Debug|x64
		Debug|x86 = Debug|x86
		Release|Any CPU = Release|Any CPU
		Release|x64 = Release|x64
		Release|x86 = Release|x86
	EndGlobalSection
	GlobalSection(SolutionProperties) = preSolution
		HideSolutionNode = FALSE
	EndGlobalSection
	GlobalSection(ProjectConfigurationPlatforms) = postSolution
		{40A8350B-4CFA-4402-BA21-6DDD97B5D227}.Debug|Any CPU.ActiveCfg = Debug|Any CPU
		{40A8350B-4CFA-4402-BA21-6DDD97B5D227}.Debug|Any CPU.Build.0 = Debug|Any CPU
		{40A8350B-4CFA-4402-BA21-6DDD97B5D227}.Debug|x64.ActiveCfg = Debug|Any CPU
		{40A8350B-4CFA-4402-BA21-6DDD97B5D227}.Debug|x64.Build.0 = Debug|Any CPU
		{40A8350B-4CFA-4402-BA21-6DDD97B5D227}.Debug|x86.ActiveCfg = Debug|Any CPU
		{40A8350B-4CFA-4402-BA21-6DDD97B5D227}.Debug|x86.Build.0 = Debug|Any CPU
		{40A8350B-4CFA-4402-BA21-6DDD97B5D227}.Release|Any CPU.ActiveCfg = Release|Any CPU
		{40A8350B-4CFA-4402-BA21-6DDD97B5D227}.Release|Any CPU.Build.0 = Release|Any CPU
		{40A8350B-4CFA-4402-BA21-6DDD97B5D227}.Release|x64.ActiveCfg = Release|Any CPU
		{40A8350B-4CFA-4402-BA21-6DDD97B5D227}.Release|x64.Build.0 = Release|Any CPU
		{40A8350B-4CFA-4402-BA21-6DDD97B5D227}.Release|x86.ActiveCfg = Release|Any CPU
		{40A8350B-4CFA-4402-BA21-6DDD97B5D227}.Release|x86.Build.0 = Release|Any CPU
		{F8A76E26-441C-42F0-90E7-C27B7E4414C2}.Debug|Any CPU.ActiveCfg = Debug|Any CPU
		{F8A76E26-441C-42F0-90E7-C27B7E4414C2}.Debug|Any CPU.Build.0 = Debug|Any CPU
		{F8A76E26-441C-42F0-90E7-C27B7E4414C2}.Debug|x64.ActiveCfg = Debug|Any CPU
		{F8A76E26-441C-42F0-90E7-C27B7E4414C2}.Debug|x64.Build.0 = Debug|Any CPU
		{F8A76E26-441C-42F0-90E7-C27B7E4414C2}.Debug|x86.ActiveCfg = Debug|Any CPU
		{F8A76E26-441C-42F0-90E7-C27B7E4414C2}.Debug|x86.Build.0 = Debug|Any CPU
		{F8A76E26-441C-42F0-90E7-C27B7E4414C2}.Release|Any CPU.ActiveCfg = Release|Any CPU
		{F8A76E26-441C-42F0-90E7-C27B7E4414C2}.Release|Any CPU.Build.0 = Release|Any CPU
		{F8A76E26-441C-42F0-90E7-C27B7E4414C2}.Release|x64.ActiveCfg = Release|Any CPU
		{F8A76E26-441C-42F0-90E7-C27B7E4414C2}.Release|x64.Build.0 = Release|Any CPU
		{F8A76E26-441C-42F0-90E7-C27B7E4414C2}.Release|x86.ActiveCfg = Release|Any CPU
		{F8A76E26-441C-42F0-90E7-C27B7E4414C2}.Release|x86.Build.0 = Release|Any CPU
	EndGlobalSection
EndGlobal
